
Microsoft Visual Studio Solution File, Format Version 12.00
# Visual Studio Version 17
VisualStudioVersion = 17.2.32519.379
MinimumVisualStudioVersion = 10.0.40219.1
Project("{FAE04EC0-301F-11D3-BF4B-00C04F79EFBC}") = "TOPIC-Resume", "TOPIC-Resume\TOPIC-Resume.csproj", "{46E365B3-7F55-4215-B3AB-01AE2C14D0F4}"
EndProject
Project("{FAE04EC0-301F-11D3-BF4B-00C04F79EFBC}") = "MainLib", "MainLib\MainLib.csproj", "{FD3C28FA-C949-4CB4-9B08-84D49A1623FD}"
EndProject
Project("{FAE04EC0-301F-11D3-BF4B-00C04F79EFBC}") = "ExperimentConsole", "ExperimentConsole\ExperimentConsole.csproj", "{F7992FA4-8251-4012-8D7B-FDC2E9D2CF3A}"
EndProject
Global
	GlobalSection(SolutionConfigurationPlatforms) = preSolution
		Debug|Any CPU = Debug|Any CPU
		Release|Any CPU = Release|Any CPU
	EndGlobalSection
	GlobalSection(ProjectConfigurationPlatforms) = postSolution
		{46E365B3-7F55-4215-B3AB-01AE2C14D0F4}.Debug|Any CPU.ActiveCfg = Debug|Any CPU
		{46E365B3-7F55-4215-B3AB-01AE2C14D0F4}.Debug|Any CPU.Build.0 = Debug|Any CPU
		{46E365B3-7F55-4215-B3AB-01AE2C14D0F4}.Release|Any CPU.ActiveCfg = Release|Any CPU
		{46E365B3-7F55-4215-B3AB-01AE2C14D0F4}.Release|Any CPU.Build.0 = Release|Any CPU
		{FD3C28FA-C949-4CB4-9B08-84D49A1623FD}.Debug|Any CPU.ActiveCfg = Debug|Any CPU
		{FD3C28FA-C949-4CB4-9B08-84D49A1623FD}.Debug|Any CPU.Build.0 = Debug|Any CPU
		{FD3C28FA-C949-4CB4-9B08-84D49A1623FD}.Release|Any CPU.ActiveCfg = Release|Any CPU
		{FD3C28FA-C949-4CB4-9B08-84D49A1623FD}.Release|Any CPU.Build.0 = Release|Any CPU
		{F7992FA4-8251-4012-8D7B-FDC2E9D2CF3A}.Debug|Any CPU.ActiveCfg = Debug|Any CPU
		{F7992FA4-8251-4012-8D7B-FDC2E9D2CF3A}.Debug|Any CPU.Build.0 = Debug|Any CPU
		{F7992FA4-8251-4012-8D7B-FDC2E9D2CF3A}.Release|Any CPU.ActiveCfg = Release|Any CPU
		{F7992FA4-8251-4012-8D7B-FDC2E9D2CF3A}.Release|Any CPU.Build.0 = Release|Any CPU
	EndGlobalSection
	GlobalSection(SolutionProperties) = preSolution
		HideSolutionNode = FALSE
	EndGlobalSection
	GlobalSection(ExtensibilityGlobals) = postSolution
		SolutionGuid = {9B67A04F-3D2D-4EDF-8BC3-498E8F5EE9D8}
	EndGlobalSection
EndGlobal
